
Microsoft Visual Studio Solution File, Format Version 12.00
# Visual Studio Version 17
VisualStudioVersion = 17.9.34701.34
MinimumVisualStudioVersion = 10.0.40219.1
Project("{FAE04EC0-301F-11D3-BF4B-00C04F79EFBC}") = "TasksManager.Server", "TasksManager.Server\TasksManager.Server.csproj", "{B6BA9106-2CE8-4ABC-8AC6-7DC9BDAAB4E8}"
EndProject
Project("{54A90642-561A-4BB1-A94E-469ADEE60C69}") = "tasksmanager.client", "tasksmanager.client\tasksmanager.client.esproj", "{D8CEFA30-B43B-4A02-96A7-6B2B68A21729}"
EndProject
Global
	GlobalSection(SolutionConfigurationPlatforms) = preSolution
		Debug|Any CPU = Debug|Any CPU
		Release|Any CPU = Release|Any CPU
	EndGlobalSection
	GlobalSection(ProjectConfigurationPlatforms) = postSolution
		{B6BA9106-2CE8-4ABC-8AC6-7DC9BDAAB4E8}.Debug|Any CPU.ActiveCfg = Debug|Any CPU
		{B6BA9106-2CE8-4ABC-8AC6-7DC9BDAAB4E8}.Debug|Any CPU.Build.0 = Debug|Any CPU
		{B6BA9106-2CE8-4ABC-8AC6-7DC9BDAAB4E8}.Release|Any CPU.ActiveCfg = Release|Any CPU
		{B6BA9106-2CE8-4ABC-8AC6-7DC9BDAAB4E8}.Release|Any CPU.Build.0 = Release|Any CPU
		{D8CEFA30-B43B-4A02-96A7-6B2B68A21729}.Debug|Any CPU.ActiveCfg = Debug|Any CPU
		{D8CEFA30-B43B-4A02-96A7-6B2B68A21729}.Debug|Any CPU.Build.0 = Debug|Any CPU
		{D8CEFA30-B43B-4A02-96A7-6B2B68A21729}.Debug|Any CPU.Deploy.0 = Debug|Any CPU
		{D8CEFA30-B43B-4A02-96A7-6B2B68A21729}.Release|Any CPU.ActiveCfg = Release|Any CPU
		{D8CEFA30-B43B-4A02-96A7-6B2B68A21729}.Release|Any CPU.Build.0 = Release|Any CPU
		{D8CEFA30-B43B-4A02-96A7-6B2B68A21729}.Release|Any CPU.Deploy.0 = Release|Any CPU
	EndGlobalSection
	GlobalSection(SolutionProperties) = preSolution
		HideSolutionNode = FALSE
	EndGlobalSection
	GlobalSection(ExtensibilityGlobals) = postSolution
		SolutionGuid = {B4277E5A-497D-4319-A155-45A4B8F3D348}
	EndGlobalSection
EndGlobal
